
Microsoft Visual Studio Solution File, Format Version 12.00
# Visual Studio 15
VisualStudioVersion = 15.0.27703.2042
MinimumVisualStudioVersion = 10.0.40219.1
Project("{FAE04EC0-301F-11D3-BF4B-00C04F79EFBC}") = "DandD_List", "DandD_List\DandD_List.csproj", "{C854632D-997A-4E7C-AEAA-9D1D9FA0499D}"
EndProject
Global
	GlobalSection(SolutionConfigurationPlatforms) = preSolution
		Debug|Any CPU = Debug|Any CPU
		Release|Any CPU = Release|Any CPU
	EndGlobalSection
	GlobalSection(ProjectConfigurationPlatforms) = postSolution
		{C854632D-997A-4E7C-AEAA-9D1D9FA0499D}.Debug|Any CPU.ActiveCfg = Debug|Any CPU
		{C854632D-997A-4E7C-AEAA-9D1D9FA0499D}.Debug|Any CPU.Build.0 = Debug|Any CPU
		{C854632D-997A-4E7C-AEAA-9D1D9FA0499D}.Release|Any CPU.ActiveCfg = Release|Any CPU
		{C854632D-997A-4E7C-AEAA-9D1D9FA0499D}.Release|Any CPU.Build.0 = Release|Any CPU
	EndGlobalSection
	GlobalSection(SolutionProperties) = preSolution
		HideSolutionNode = FALSE
	EndGlobalSection
	GlobalSection(ExtensibilityGlobals) = postSolution
		SolutionGuid = {A2B23B78-3C07-49E7-8C5F-55998F30430E}
	EndGlobalSection
EndGlobal
